
Microsoft Visual Studio Solution File, Format Version 12.00
# Visual Studio Version 17
VisualStudioVersion = 17.6.33723.286
MinimumVisualStudioVersion = 10.0.40219.1
Project("{FAE04EC0-301F-11D3-BF4B-00C04F79EFBC}") = "tarde 2", "tarde 2.csproj", "{0AF34FFD-4162-4CB1-9A33-37425569F395}"
EndProject
Global
	GlobalSection(SolutionConfigurationPlatforms) = preSolution
		Debug|Any CPU = Debug|Any CPU
		Release|Any CPU = Release|Any CPU
	EndGlobalSection
	GlobalSection(ProjectConfigurationPlatforms) = postSolution
		{0AF34FFD-4162-4CB1-9A33-37425569F395}.Debug|Any CPU.ActiveCfg = Debug|Any CPU
		{0AF34FFD-4162-4CB1-9A33-37425569F395}.Debug|Any CPU.Build.0 = Debug|Any CPU
		{0AF34FFD-4162-4CB1-9A33-37425569F395}.Release|Any CPU.ActiveCfg = Release|Any CPU
		{0AF34FFD-4162-4CB1-9A33-37425569F395}.Release|Any CPU.Build.0 = Release|Any CPU
	EndGlobalSection
	GlobalSection(SolutionProperties) = preSolution
		HideSolutionNode = FALSE
	EndGlobalSection
	GlobalSection(ExtensibilityGlobals) = postSolution
		SolutionGuid = {4567A20A-A830-4C27-8DD2-7E08226BD161}
	EndGlobalSection
EndGlobal
