
Microsoft Visual Studio Solution File, Format Version 12.00
# Visual Studio Version 17
VisualStudioVersion = 17.6.33723.286
MinimumVisualStudioVersion = 10.0.40219.1
Project("{FAE04EC0-301F-11D3-BF4B-00C04F79EFBC}") = "a2", "a2.csproj", "{A90FB458-3963-456C-BEB1-8DC703DBA4EF}"
EndProject
Global
	GlobalSection(SolutionConfigurationPlatforms) = preSolution
		Debug|Any CPU = Debug|Any CPU
		Release|Any CPU = Release|Any CPU
	EndGlobalSection
	GlobalSection(ProjectConfigurationPlatforms) = postSolution
		{A90FB458-3963-456C-BEB1-8DC703DBA4EF}.Debug|Any CPU.ActiveCfg = Debug|Any CPU
		{A90FB458-3963-456C-BEB1-8DC703DBA4EF}.Debug|Any CPU.Build.0 = Debug|Any CPU
		{A90FB458-3963-456C-BEB1-8DC703DBA4EF}.Release|Any CPU.ActiveCfg = Release|Any CPU
		{A90FB458-3963-456C-BEB1-8DC703DBA4EF}.Release|Any CPU.Build.0 = Release|Any CPU
	EndGlobalSection
	GlobalSection(SolutionProperties) = preSolution
		HideSolutionNode = FALSE
	EndGlobalSection
	GlobalSection(ExtensibilityGlobals) = postSolution
		SolutionGuid = {E00F0032-909D-40B6-9713-D6A523E715C4}
	EndGlobalSection
EndGlobal
