
Microsoft Visual Studio Solution File, Format Version 12.00
# Visual Studio Version 17
VisualStudioVersion = 17.7.34031.279
MinimumVisualStudioVersion = 10.0.40219.1
Project("{FAE04EC0-301F-11D3-BF4B-00C04F79EFBC}") = "Ejercicios", "Ejercicios\Ejercicios.csproj", "{4CDFF097-4BA7-4C7B-8E97-42B1BE880855}"
EndProject
Global
	GlobalSection(SolutionConfigurationPlatforms) = preSolution
		Debug|Any CPU = Debug|Any CPU
		Release|Any CPU = Release|Any CPU
	EndGlobalSection
	GlobalSection(ProjectConfigurationPlatforms) = postSolution
		{4CDFF097-4BA7-4C7B-8E97-42B1BE880855}.Debug|Any CPU.ActiveCfg = Debug|Any CPU
		{4CDFF097-4BA7-4C7B-8E97-42B1BE880855}.Debug|Any CPU.Build.0 = Debug|Any CPU
		{4CDFF097-4BA7-4C7B-8E97-42B1BE880855}.Release|Any CPU.ActiveCfg = Release|Any CPU
		{4CDFF097-4BA7-4C7B-8E97-42B1BE880855}.Release|Any CPU.Build.0 = Release|Any CPU
	EndGlobalSection
	GlobalSection(SolutionProperties) = preSolution
		HideSolutionNode = FALSE
	EndGlobalSection
	GlobalSection(ExtensibilityGlobals) = postSolution
		SolutionGuid = {3410CD82-76AF-4705-A0A4-56B6AA51176D}
	EndGlobalSection
EndGlobal
