
Microsoft Visual Studio Solution File, Format Version 12.00
# Visual Studio Version 17
VisualStudioVersion = 17.6.33723.286
MinimumVisualStudioVersion = 10.0.40219.1
Project("{FAE04EC0-301F-11D3-BF4B-00C04F79EFBC}") = "ejercicios tema 5 donut Ramoncín", "ejercicios tema 5 donut Ramoncín.csproj", "{FC073A1B-0847-4C57-BBBB-43EB38198F79}"
EndProject
Global
	GlobalSection(SolutionConfigurationPlatforms) = preSolution
		Debug|Any CPU = Debug|Any CPU
		Release|Any CPU = Release|Any CPU
	EndGlobalSection
	GlobalSection(ProjectConfigurationPlatforms) = postSolution
		{FC073A1B-0847-4C57-BBBB-43EB38198F79}.Debug|Any CPU.ActiveCfg = Debug|Any CPU
		{FC073A1B-0847-4C57-BBBB-43EB38198F79}.Debug|Any CPU.Build.0 = Debug|Any CPU
		{FC073A1B-0847-4C57-BBBB-43EB38198F79}.Release|Any CPU.ActiveCfg = Release|Any CPU
		{FC073A1B-0847-4C57-BBBB-43EB38198F79}.Release|Any CPU.Build.0 = Release|Any CPU
	EndGlobalSection
	GlobalSection(SolutionProperties) = preSolution
		HideSolutionNode = FALSE
	EndGlobalSection
	GlobalSection(ExtensibilityGlobals) = postSolution
		SolutionGuid = {DD97432E-E260-4B02-B2DA-BCD8F9920E27}
	EndGlobalSection
EndGlobal
