
Microsoft Visual Studio Solution File, Format Version 12.00
# Visual Studio Version 17
VisualStudioVersion = 17.6.33723.286
MinimumVisualStudioVersion = 10.0.40219.1
Project("{FAE04EC0-301F-11D3-BF4B-00C04F79EFBC}") = "Ejercicos 4-8", "Ejercicos 4-8.csproj", "{EAE6BFB0-5D82-4DE9-AD77-D0A02DDEE45A}"
EndProject
Global
	GlobalSection(SolutionConfigurationPlatforms) = preSolution
		Debug|Any CPU = Debug|Any CPU
		Release|Any CPU = Release|Any CPU
	EndGlobalSection
	GlobalSection(ProjectConfigurationPlatforms) = postSolution
		{EAE6BFB0-5D82-4DE9-AD77-D0A02DDEE45A}.Debug|Any CPU.ActiveCfg = Debug|Any CPU
		{EAE6BFB0-5D82-4DE9-AD77-D0A02DDEE45A}.Debug|Any CPU.Build.0 = Debug|Any CPU
		{EAE6BFB0-5D82-4DE9-AD77-D0A02DDEE45A}.Release|Any CPU.ActiveCfg = Release|Any CPU
		{EAE6BFB0-5D82-4DE9-AD77-D0A02DDEE45A}.Release|Any CPU.Build.0 = Release|Any CPU
	EndGlobalSection
	GlobalSection(SolutionProperties) = preSolution
		HideSolutionNode = FALSE
	EndGlobalSection
	GlobalSection(ExtensibilityGlobals) = postSolution
		SolutionGuid = {C13A3B7D-219D-49C1-919C-C65163D41513}
	EndGlobalSection
EndGlobal
