
Microsoft Visual Studio Solution File, Format Version 12.00
# Visual Studio Version 17
VisualStudioVersion = 17.6.33723.286
MinimumVisualStudioVersion = 10.0.40219.1
Project("{FAE04EC0-301F-11D3-BF4B-00C04F79EFBC}") = "Examen 3 Ramón", "Examen 3 Ramón.csproj", "{6EE82B6A-7D81-46BD-9AD8-87E710637AF3}"
EndProject
Global
	GlobalSection(SolutionConfigurationPlatforms) = preSolution
		Debug|Any CPU = Debug|Any CPU
		Release|Any CPU = Release|Any CPU
	EndGlobalSection
	GlobalSection(ProjectConfigurationPlatforms) = postSolution
		{6EE82B6A-7D81-46BD-9AD8-87E710637AF3}.Debug|Any CPU.ActiveCfg = Debug|Any CPU
		{6EE82B6A-7D81-46BD-9AD8-87E710637AF3}.Debug|Any CPU.Build.0 = Debug|Any CPU
		{6EE82B6A-7D81-46BD-9AD8-87E710637AF3}.Release|Any CPU.ActiveCfg = Release|Any CPU
		{6EE82B6A-7D81-46BD-9AD8-87E710637AF3}.Release|Any CPU.Build.0 = Release|Any CPU
	EndGlobalSection
	GlobalSection(SolutionProperties) = preSolution
		HideSolutionNode = FALSE
	EndGlobalSection
	GlobalSection(ExtensibilityGlobals) = postSolution
		SolutionGuid = {B8FB6660-2827-4379-AADD-3764716A8C95}
	EndGlobalSection
EndGlobal
