
Microsoft Visual Studio Solution File, Format Version 12.00
# Visual Studio Version 17
VisualStudioVersion = 17.7.34031.279
MinimumVisualStudioVersion = 10.0.40219.1
Project("{FAE04EC0-301F-11D3-BF4B-00C04F79EFBC}") = "Prueba1", "Prueba1\Prueba1.csproj", "{67EAD7BB-D0DA-4E28-B561-C585785EAC12}"
EndProject
Global
	GlobalSection(SolutionConfigurationPlatforms) = preSolution
		Debug|Any CPU = Debug|Any CPU
		Release|Any CPU = Release|Any CPU
	EndGlobalSection
	GlobalSection(ProjectConfigurationPlatforms) = postSolution
		{67EAD7BB-D0DA-4E28-B561-C585785EAC12}.Debug|Any CPU.ActiveCfg = Debug|Any CPU
		{67EAD7BB-D0DA-4E28-B561-C585785EAC12}.Debug|Any CPU.Build.0 = Debug|Any CPU
		{67EAD7BB-D0DA-4E28-B561-C585785EAC12}.Release|Any CPU.ActiveCfg = Release|Any CPU
		{67EAD7BB-D0DA-4E28-B561-C585785EAC12}.Release|Any CPU.Build.0 = Release|Any CPU
	EndGlobalSection
	GlobalSection(SolutionProperties) = preSolution
		HideSolutionNode = FALSE
	EndGlobalSection
	GlobalSection(ExtensibilityGlobals) = postSolution
		SolutionGuid = {26EF2005-7ADE-4C6A-B754-948739681F53}
	EndGlobalSection
EndGlobal
