
Microsoft Visual Studio Solution File, Format Version 12.00
# Visual Studio Version 17
VisualStudioVersion = 17.6.33723.286
MinimumVisualStudioVersion = 10.0.40219.1
Project("{FAE04EC0-301F-11D3-BF4B-00C04F79EFBC}") = "Prueba-1", "Prueba-1.csproj", "{9000CBCB-118C-4F03-A02C-1E778CBBED77}"
EndProject
Global
	GlobalSection(SolutionConfigurationPlatforms) = preSolution
		Debug|Any CPU = Debug|Any CPU
		Release|Any CPU = Release|Any CPU
	EndGlobalSection
	GlobalSection(ProjectConfigurationPlatforms) = postSolution
		{9000CBCB-118C-4F03-A02C-1E778CBBED77}.Debug|Any CPU.ActiveCfg = Debug|Any CPU
		{9000CBCB-118C-4F03-A02C-1E778CBBED77}.Debug|Any CPU.Build.0 = Debug|Any CPU
		{9000CBCB-118C-4F03-A02C-1E778CBBED77}.Release|Any CPU.ActiveCfg = Release|Any CPU
		{9000CBCB-118C-4F03-A02C-1E778CBBED77}.Release|Any CPU.Build.0 = Release|Any CPU
	EndGlobalSection
	GlobalSection(SolutionProperties) = preSolution
		HideSolutionNode = FALSE
	EndGlobalSection
	GlobalSection(ExtensibilityGlobals) = postSolution
		SolutionGuid = {9FA44E59-478C-46BE-BE2F-D267C3B415F6}
	EndGlobalSection
EndGlobal
