
Microsoft Visual Studio Solution File, Format Version 12.00
# Visual Studio Version 17
VisualStudioVersion = 17.6.33723.286
MinimumVisualStudioVersion = 10.0.40219.1
Project("{FAE04EC0-301F-11D3-BF4B-00C04F79EFBC}") = "Ramoncín_15", "Ramoncín_15.csproj", "{4DE2164C-DF0A-468D-9515-5269BA5773DD}"
EndProject
Global
	GlobalSection(SolutionConfigurationPlatforms) = preSolution
		Debug|Any CPU = Debug|Any CPU
		Release|Any CPU = Release|Any CPU
	EndGlobalSection
	GlobalSection(ProjectConfigurationPlatforms) = postSolution
		{4DE2164C-DF0A-468D-9515-5269BA5773DD}.Debug|Any CPU.ActiveCfg = Debug|Any CPU
		{4DE2164C-DF0A-468D-9515-5269BA5773DD}.Debug|Any CPU.Build.0 = Debug|Any CPU
		{4DE2164C-DF0A-468D-9515-5269BA5773DD}.Release|Any CPU.ActiveCfg = Release|Any CPU
		{4DE2164C-DF0A-468D-9515-5269BA5773DD}.Release|Any CPU.Build.0 = Release|Any CPU
	EndGlobalSection
	GlobalSection(SolutionProperties) = preSolution
		HideSolutionNode = FALSE
	EndGlobalSection
	GlobalSection(ExtensibilityGlobals) = postSolution
		SolutionGuid = {088CA9B7-F2C4-463E-B35B-1075818B937E}
	EndGlobalSection
EndGlobal
