
Microsoft Visual Studio Solution File, Format Version 12.00
# Visual Studio Version 17
VisualStudioVersion = 17.6.33723.286
MinimumVisualStudioVersion = 10.0.40219.1
Project("{FAE04EC0-301F-11D3-BF4B-00C04F79EFBC}") = "PreexamenT8", "PreexamenT8.csproj", "{BE6911CF-FCC5-476F-8EA6-D005BAC66279}"
EndProject
Global
	GlobalSection(SolutionConfigurationPlatforms) = preSolution
		Debug|Any CPU = Debug|Any CPU
		Release|Any CPU = Release|Any CPU
	EndGlobalSection
	GlobalSection(ProjectConfigurationPlatforms) = postSolution
		{BE6911CF-FCC5-476F-8EA6-D005BAC66279}.Debug|Any CPU.ActiveCfg = Debug|Any CPU
		{BE6911CF-FCC5-476F-8EA6-D005BAC66279}.Debug|Any CPU.Build.0 = Debug|Any CPU
		{BE6911CF-FCC5-476F-8EA6-D005BAC66279}.Release|Any CPU.ActiveCfg = Release|Any CPU
		{BE6911CF-FCC5-476F-8EA6-D005BAC66279}.Release|Any CPU.Build.0 = Release|Any CPU
	EndGlobalSection
	GlobalSection(SolutionProperties) = preSolution
		HideSolutionNode = FALSE
	EndGlobalSection
	GlobalSection(ExtensibilityGlobals) = postSolution
		SolutionGuid = {E2242C6C-A1EF-406C-831B-D63A78AE3460}
	EndGlobalSection
EndGlobal
