
Microsoft Visual Studio Solution File, Format Version 12.00
# Visual Studio Version 17
VisualStudioVersion = 17.6.33723.286
MinimumVisualStudioVersion = 10.0.40219.1
Project("{FAE04EC0-301F-11D3-BF4B-00C04F79EFBC}") = "AAAAAAAAAAA", "AAAAAAAAAAA.csproj", "{C13CD5A5-AE36-4F94-9088-FCBA973B9B17}"
EndProject
Global
	GlobalSection(SolutionConfigurationPlatforms) = preSolution
		Debug|Any CPU = Debug|Any CPU
		Release|Any CPU = Release|Any CPU
	EndGlobalSection
	GlobalSection(ProjectConfigurationPlatforms) = postSolution
		{C13CD5A5-AE36-4F94-9088-FCBA973B9B17}.Debug|Any CPU.ActiveCfg = Debug|Any CPU
		{C13CD5A5-AE36-4F94-9088-FCBA973B9B17}.Debug|Any CPU.Build.0 = Debug|Any CPU
		{C13CD5A5-AE36-4F94-9088-FCBA973B9B17}.Release|Any CPU.ActiveCfg = Release|Any CPU
		{C13CD5A5-AE36-4F94-9088-FCBA973B9B17}.Release|Any CPU.Build.0 = Release|Any CPU
	EndGlobalSection
	GlobalSection(SolutionProperties) = preSolution
		HideSolutionNode = FALSE
	EndGlobalSection
	GlobalSection(ExtensibilityGlobals) = postSolution
		SolutionGuid = {BABB793C-F435-4B99-9B97-CE3623578BCF}
	EndGlobalSection
EndGlobal
