
Microsoft Visual Studio Solution File, Format Version 12.00
# Visual Studio Version 17
VisualStudioVersion = 17.6.33723.286
MinimumVisualStudioVersion = 10.0.40219.1
Project("{FAE04EC0-301F-11D3-BF4B-00C04F79EFBC}") = "Septembre-15-01", "Septembre-15-01.csproj", "{57CA82DE-F28C-4730-9156-026E4173C969}"
EndProject
Global
	GlobalSection(SolutionConfigurationPlatforms) = preSolution
		Debug|Any CPU = Debug|Any CPU
		Release|Any CPU = Release|Any CPU
	EndGlobalSection
	GlobalSection(ProjectConfigurationPlatforms) = postSolution
		{57CA82DE-F28C-4730-9156-026E4173C969}.Debug|Any CPU.ActiveCfg = Debug|Any CPU
		{57CA82DE-F28C-4730-9156-026E4173C969}.Debug|Any CPU.Build.0 = Debug|Any CPU
		{57CA82DE-F28C-4730-9156-026E4173C969}.Release|Any CPU.ActiveCfg = Release|Any CPU
		{57CA82DE-F28C-4730-9156-026E4173C969}.Release|Any CPU.Build.0 = Release|Any CPU
	EndGlobalSection
	GlobalSection(SolutionProperties) = preSolution
		HideSolutionNode = FALSE
	EndGlobalSection
	GlobalSection(ExtensibilityGlobals) = postSolution
		SolutionGuid = {BAC80CF7-E5E1-4AB6-9790-6401924989B5}
	EndGlobalSection
EndGlobal
