
Microsoft Visual Studio Solution File, Format Version 12.00
# Visual Studio Version 17
VisualStudioVersion = 17.9.34728.123
MinimumVisualStudioVersion = 10.0.40219.1
Project("{FAE04EC0-301F-11D3-BF4B-00C04F79EFBC}") = "ProyectoFinalDefinitivo_Diego.Fandiño.López", "ProyectoFinalDefinitivo_Diego.Fandiño.López\ProyectoFinalDefinitivo_Diego.Fandiño.López.csproj", "{0AC7F108-089A-421F-84F2-83A71CC8CA66}"
EndProject
Global
	GlobalSection(SolutionConfigurationPlatforms) = preSolution
		Debug|Any CPU = Debug|Any CPU
		Release|Any CPU = Release|Any CPU
	EndGlobalSection
	GlobalSection(ProjectConfigurationPlatforms) = postSolution
		{0AC7F108-089A-421F-84F2-83A71CC8CA66}.Debug|Any CPU.ActiveCfg = Debug|Any CPU
		{0AC7F108-089A-421F-84F2-83A71CC8CA66}.Debug|Any CPU.Build.0 = Debug|Any CPU
		{0AC7F108-089A-421F-84F2-83A71CC8CA66}.Release|Any CPU.ActiveCfg = Release|Any CPU
		{0AC7F108-089A-421F-84F2-83A71CC8CA66}.Release|Any CPU.Build.0 = Release|Any CPU
	EndGlobalSection
	GlobalSection(SolutionProperties) = preSolution
		HideSolutionNode = FALSE
	EndGlobalSection
	GlobalSection(ExtensibilityGlobals) = postSolution
		SolutionGuid = {3FA350C8-019F-449D-99E4-877A34EE87D7}
	EndGlobalSection
EndGlobal
